// !$*UTF8*$!
{
	archiveVersion = 1;
	classes = {
	};
	objectVersion = 56;
	objects = {

/* Begin PBXBuildFile section */
		A80EE44F2BB6AB3000546B95 /* CustomCameraApp.swift in Sources */ = {isa = PBXBuildFile; fileRef = A80EE44E2BB6AB3000546B95 /* CustomCameraApp.swift */; };
		A80EE4512BB6AB3000546B95 /* ContentView.swift in Sources */ = {isa = PBXBuildFile; fileRef = A80EE4502BB6AB3000546B95 /* ContentView.swift */; };
		A80EE4532BB6AB3200546B95 /* Assets.xcassets in Resources */ = {isa = PBXBuildFile; fileRef = A80EE4522BB6AB3200546B95 /* Assets.xcassets */; };
		A80EE4572BB6AB3200546B95 /* Preview Assets.xcassets in Resources */ = {isa = PBXBuildFile; fileRef = A80EE4562BB6AB3200546B95 /* Preview Assets.xcassets */; };
		A80EE4612BB6B86000546B95 /* CameraModel.swift in Sources */ = {isa = PBXBuildFile; fileRef = A80EE4602BB6B86000546B95 /* CameraModel.swift */; };
		A83AE9C82BB841C0001BDBDB /* CameraService.swift in Sources */ = {isa = PBXBuildFile; fileRef = A83AE9C72BB841C0001BDBDB /* CameraService.swift */; };
		A83AE9CA2BBFD6BD001BDBDB /* CameraPreview.swift in Sources */ = {isa = PBXBuildFile; fileRef = A83AE9C92BBFD6BD001BDBDB /* CameraPreview.swift */; };
		A83AE9CC2BC05134001BDBDB /* CameraServiceEnum.swift in Sources */ = {isa = PBXBuildFile; fileRef = A83AE9CB2BC05134001BDBDB /* CameraServiceEnum.swift */; };
		A83AE9CE2BC05C41001BDBDB /* PhotoCature.swift in Sources */ = {isa = PBXBuildFile; fileRef = A83AE9CD2BC05C41001BDBDB /* PhotoCature.swift */; };
		A83AE9D02BC82987001BDBDB /* ImageResizer.swift in Sources */ = {isa = PBXBuildFile; fileRef = A83AE9CF2BC82987001BDBDB /* ImageResizer.swift */; };
/* End PBXBuildFile section */

/* Begin PBXFileReference section */
		A80EE44B2BB6AB3000546B95 /* CustomCamera.app */ = {isa = PBXFileReference; explicitFileType = wrapper.application; includeInIndex = 0; path = CustomCamera.app; sourceTree = BUILT_PRODUCTS_DIR; };
		A80EE44E2BB6AB3000546B95 /* CustomCameraApp.swift */ = {isa = PBXFileReference; lastKnownFileType = sourcecode.swift; path = CustomCameraApp.swift; sourceTree = "<group>"; };
		A80EE4502BB6AB3000546B95 /* ContentView.swift */ = {isa = PBXFileReference; lastKnownFileType = sourcecode.swift; path = ContentView.swift; sourceTree = "<group>"; };
		A80EE4522BB6AB3200546B95 /* Assets.xcassets */ = {isa = PBXFileReference; lastKnownFileType = folder.assetcatalog; path = Assets.xcassets; sourceTree = "<group>"; };
		A80EE4542BB6AB3200546B95 /* CustomCamera.entitlements */ = {isa = PBXFileReference; lastKnownFileType = text.plist.entitlements; path = CustomCamera.entitlements; sourceTree = "<group>"; };
		A80EE4562BB6AB3200546B95 /* Preview Assets.xcassets */ = {isa = PBXFileReference; lastKnownFileType = folder.assetcatalog; path = "Preview Assets.xcassets"; sourceTree = "<group>"; };
		A80EE4602BB6B86000546B95 /* CameraModel.swift */ = {isa = PBXFileReference; lastKnownFileType = sourcecode.swift; path = CameraModel.swift; sourceTree = "<group>"; };
		A83AE9C72BB841C0001BDBDB /* CameraService.swift */ = {isa = PBXFileReference; lastKnownFileType = sourcecode.swift; path = CameraService.swift; sourceTree = "<group>"; };
		A83AE9C92BBFD6BD001BDBDB /* CameraPreview.swift */ = {isa = PBXFileReference; lastKnownFileType = sourcecode.swift; path = CameraPreview.swift; sourceTree = "<group>"; };
		A83AE9CB2BC05134001BDBDB /* CameraServiceEnum.swift */ = {isa = PBXFileReference; lastKnownFileType = sourcecode.swift; path = CameraServiceEnum.swift; sourceTree = "<group>"; };
		A83AE9CD2BC05C41001BDBDB /* PhotoCature.swift */ = {isa = PBXFileReference; lastKnownFileType = sourcecode.swift; path = PhotoCature.swift; sourceTree = "<group>"; };
		A83AE9CF2BC82987001BDBDB /* ImageResizer.swift */ = {isa = PBXFileReference; lastKnownFileType = sourcecode.swift; path = ImageResizer.swift; sourceTree = "<group>"; };
/* End PBXFileReference section */

/* Begin PBXFrameworksBuildPhase section */
		A80EE4482BB6AB3000546B95 /* Frameworks */ = {
			isa = PBXFrameworksBuildPhase;
			buildActionMask = 2147483647;
			files = (
			);
			runOnlyForDeploymentPostprocessing = 0;
		};
/* End PBXFrameworksBuildPhase section */

/* Begin PBXGroup section */
		A80EE4422BB6AB3000546B95 = {
			isa = PBXGroup;
			children = (
				A80EE44D2BB6AB3000546B95 /* CustomCamera */,
				A80EE44C2BB6AB3000546B95 /* Products */,
			);
			sourceTree = "<group>";
		};
		A80EE44C2BB6AB3000546B95 /* Products */ = {
			isa = PBXGroup;
			children = (
				A80EE44B2BB6AB3000546B95 /* CustomCamera.app */,
			);
			name = Products;
			sourceTree = "<group>";
		};
		A80EE44D2BB6AB3000546B95 /* CustomCamera */ = {
			isa = PBXGroup;
			children = (
				A83AE9C62BB841B2001BDBDB /* Service */,
				A80EE45E2BB6B79000546B95 /* View */,
				A80EE45D2BB6B78100546B95 /* Model */,
				A80EE44E2BB6AB3000546B95 /* CustomCameraApp.swift */,
				A80EE4522BB6AB3200546B95 /* Assets.xcassets */,
				A80EE4542BB6AB3200546B95 /* CustomCamera.entitlements */,
				A80EE4552BB6AB3200546B95 /* Preview Content */,
			);
			path = CustomCamera;
			sourceTree = "<group>";
		};
		A80EE4552BB6AB3200546B95 /* Preview Content */ = {
			isa = PBXGroup;
			children = (
				A80EE4562BB6AB3200546B95 /* Preview Assets.xcassets */,
			);
			path = "Preview Content";
			sourceTree = "<group>";
		};
		A80EE45D2BB6B78100546B95 /* Model */ = {
			isa = PBXGroup;
			children = (
				A80EE4602BB6B86000546B95 /* CameraModel.swift */,
			);
			path = Model;
			sourceTree = "<group>";
		};
		A80EE45E2BB6B79000546B95 /* View */ = {
			isa = PBXGroup;
			children = (
				A80EE4502BB6AB3000546B95 /* ContentView.swift */,
				A83AE9C92BBFD6BD001BDBDB /* CameraPreview.swift */,
			);
			path = View;
			sourceTree = "<group>";
		};
		A83AE9C62BB841B2001BDBDB /* Service */ = {
			isa = PBXGroup;
			children = (
				A83AE9C72BB841C0001BDBDB /* CameraService.swift */,
				A83AE9CB2BC05134001BDBDB /* CameraServiceEnum.swift */,
				A83AE9CD2BC05C41001BDBDB /* PhotoCature.swift */,
				A83AE9CF2BC82987001BDBDB /* ImageResizer.swift */,
			);
			path = Service;
			sourceTree = "<group>";
		};
/* End PBXGroup section */

/* Begin PBXNativeTarget section */
		A80EE44A2BB6AB3000546B95 /* CustomCamera */ = {
			isa = PBXNativeTarget;
			buildConfigurationList = A80EE45A2BB6AB3200546B95 /* Build configuration list for PBXNativeTarget "CustomCamera" */;
			buildPhases = (
				A80EE4472BB6AB3000546B95 /* Sources */,
				A80EE4482BB6AB3000546B95 /* Frameworks */,
				A80EE4492BB6AB3000546B95 /* Resources */,
			);
			buildRules = (
			);
			dependencies = (
			);
			name = CustomCamera;
			productName = CustomCamera;
			productReference = A80EE44B2BB6AB3000546B95 /* CustomCamera.app */;
			productType = "com.apple.product-type.application";
		};
/* End PBXNativeTarget section */

/* Begin PBXProject section */
		A80EE4432BB6AB3000546B95 /* Project object */ = {
			isa = PBXProject;
			attributes = {
				BuildIndependentTargetsInParallel = 1;
				LastSwiftUpdateCheck = 1530;
				LastUpgradeCheck = 1530;
				TargetAttributes = {
					A80EE44A2BB6AB3000546B95 = {
						CreatedOnToolsVersion = 15.3;
					};
				};
			};
			buildConfigurationList = A80EE4462BB6AB3000546B95 /* Build configuration list for PBXProject "CustomCamera" */;
			compatibilityVersion = "Xcode 14.0";
			developmentRegion = en;
			hasScannedForEncodings = 0;
			knownRegions = (
				en,
				Base,
			);
			mainGroup = A80EE4422BB6AB3000546B95;
			productRefGroup = A80EE44C2BB6AB3000546B95 /* Products */;
			projectDirPath = "";
			projectRoot = "";
			targets = (
				A80EE44A2BB6AB3000546B95 /* CustomCamera */,
			);
		};
/* End PBXProject section */

/* Begin PBXResourcesBuildPhase section */
		A80EE4492BB6AB3000546B95 /* Resources */ = {
			isa = PBXResourcesBuildPhase;
			buildActionMask = 2147483647;
			files = (
				A80EE4572BB6AB3200546B95 /* Preview Assets.xcassets in Resources */,
				A80EE4532BB6AB3200546B95 /* Assets.xcassets in Resources */,
			);
			runOnlyForDeploymentPostprocessing = 0;
		};
/* End PBXResourcesBuildPhase section */

/* Begin PBXSourcesBuildPhase section */
		A80EE4472BB6AB3000546B95 /* Sources */ = {
			isa = PBXSourcesBuildPhase;
			buildActionMask = 2147483647;
			files = (
				A83AE9CE2BC05C41001BDBDB /* PhotoCature.swift in Sources */,
				A83AE9CA2BBFD6BD001BDBDB /* CameraPreview.swift in Sources */,
				A83AE9C82BB841C0001BDBDB /* CameraService.swift in Sources */,
				A80EE4512BB6AB3000546B95 /* ContentView.swift in Sources */,
				A83AE9D02BC82987001BDBDB /* ImageResizer.swift in Sources */,
				A80EE44F2BB6AB3000546B95 /* CustomCameraApp.swift in Sources */,
				A80EE4612BB6B86000546B95 /* CameraModel.swift in Sources */,
				A83AE9CC2BC05134001BDBDB /* CameraServiceEnum.swift in Sources */,
			);
			runOnlyForDeploymentPostprocessing = 0;
		};
/* End PBXSourcesBuildPhase section */

/* Begin XCBuildConfiguration section */
		A80EE4582BB6AB3200546B95 /* Debug */ = {
			isa = XCBuildConfiguration;
			buildSettings = {
				ALWAYS_SEARCH_USER_PATHS = NO;
				ASSETCATALOG_COMPILER_GENERATE_SWIFT_ASSET_SYMBOL_EXTENSIONS = YES;
				CLANG_ANALYZER_NONNULL = YES;
				CLANG_ANALYZER_NUMBER_OBJECT_CONVERSION = YES_AGGRESSIVE;
				CLANG_CXX_LANGUAGE_STANDARD = "gnu++20";
				CLANG_ENABLE_MODULES = YES;
				CLANG_ENABLE_OBJC_ARC = YES;
				CLANG_ENABLE_OBJC_WEAK = YES;
				CLANG_WARN_BLOCK_CAPTURE_AUTORELEASING = YES;
				CLANG_WARN_BOOL_CONVERSION = YES;
				CLANG_WARN_COMMA = YES;
				CLANG_WARN_CONSTANT_CONVERSION = YES;
				CLANG_WARN_DEPRECATED_OBJC_IMPLEMENTATIONS = YES;
				CLANG_WARN_DIRECT_OBJC_ISA_USAGE = YES_ERROR;
				CLANG_WARN_DOCUMENTATION_COMMENTS = YES;
				CLANG_WARN_EMPTY_BODY = YES;
				CLANG_WARN_ENUM_CONVERSION = YES;
				CLANG_WARN_INFINITE_RECURSION = YES;
				CLANG_WARN_INT_CONVERSION = YES;
				CLANG_WARN_NON_LITERAL_NULL_CONVERSION = YES;
				CLANG_WARN_OBJC_IMPLICIT_RETAIN_SELF = YES;
				CLANG_WARN_OBJC_LITERAL_CONVERSION = YES;
				CLANG_WARN_OBJC_ROOT_CLASS = YES_ERROR;
				CLANG_WARN_QUOTED_INCLUDE_IN_FRAMEWORK_HEADER = YES;
				CLANG_WARN_RANGE_LOOP_ANALYSIS = YES;
				CLANG_WARN_STRICT_PROTOTYPES = YES;
				CLANG_WARN_SUSPICIOUS_MOVE = YES;
				CLANG_WARN_UNGUARDED_AVAILABILITY = YES_AGGRESSIVE;
				CLANG_WARN_UNREACHABLE_CODE = YES;
				CLANG_WARN__DUPLICATE_METHOD_MATCH = YES;
				COPY_PHASE_STRIP = NO;
				DEBUG_INFORMATION_FORMAT = dwarf;
				ENABLE_STRICT_OBJC_MSGSEND = YES;
				ENABLE_TESTABILITY = YES;
				ENABLE_USER_SCRIPT_SANDBOXING = YES;
				GCC_C_LANGUAGE_STANDARD = gnu17;
				GCC_DYNAMIC_NO_PIC = NO;
				GCC_NO_COMMON_BLOCKS = YES;
				GCC_OPTIMIZATION_LEVEL = 0;
				GCC_PREPROCESSOR_DEFINITIONS = (
					"DEBUG=1",
					"$(inherited)",
				);
				GCC_WARN_64_TO_32_BIT_CONVERSION = YES;
				GCC_WARN_ABOUT_RETURN_TYPE = YES_ERROR;
				GCC_WARN_UNDECLARED_SELECTOR = YES;
				GCC_WARN_UNINITIALIZED_AUTOS = YES_AGGRESSIVE;
				GCC_WARN_UNUSED_FUNCTION = YES;
				GCC_WARN_UNUSED_VARIABLE = YES;
				IPHONEOS_DEPLOYMENT_TARGET = 17.2;
				LOCALIZATION_PREFERS_STRING_CATALOGS = YES;
				MACOSX_DEPLOYMENT_TARGET = 14.0;
				MTL_ENABLE_DEBUG_INFO = INCLUDE_SOURCE;
				MTL_FAST_MATH = YES;
				ONLY_ACTIVE_ARCH = YES;
				SWIFT_ACTIVE_COMPILATION_CONDITIONS = "DEBUG $(inherited)";
				SWIFT_OPTIMIZATION_LEVEL = "-Onone";
			};
			name = Debug;
		};
		A80EE4592BB6AB3200546B95 /* Release */ = {
			isa = XCBuildConfiguration;
			buildSettings = {
				ALWAYS_SEARCH_USER_PATHS = NO;
				ASSETCATALOG_COMPILER_GENERATE_SWIFT_ASSET_SYMBOL_EXTENSIONS = YES;
				CLANG_ANALYZER_NONNULL = YES;
				CLANG_ANALYZER_NUMBER_OBJECT_CONVERSION = YES_AGGRESSIVE;
				CLANG_CXX_LANGUAGE_STANDARD = "gnu++20";
				CLANG_ENABLE_MODULES = YES;
				CLANG_ENABLE_OBJC_ARC = YES;
				CLANG_ENABLE_OBJC_WEAK = YES;
				CLANG_WARN_BLOCK_CAPTURE_AUTORELEASING = YES;
				CLANG_WARN_BOOL_CONVERSION = YES;
				CLANG_WARN_COMMA = YES;
				CLANG_WARN_CONSTANT_CONVERSION = YES;
				CLANG_WARN_DEPRECATED_OBJC_IMPLEMENTATIONS = YES;
				CLANG_WARN_DIRECT_OBJC_ISA_USAGE = YES_ERROR;
				CLANG_WARN_DOCUMENTATION_COMMENTS = YES;
				CLANG_WARN_EMPTY_BODY = YES;
				CLANG_WARN_ENUM_CONVERSION = YES;
				CLANG_WARN_INFINITE_RECURSION = YES;
				CLANG_WARN_INT_CONVERSION = YES;
				CLANG_WARN_NON_LITERAL_NULL_CONVERSION = YES;
				CLANG_WARN_OBJC_IMPLICIT_RETAIN_SELF = YES;
				CLANG_WARN_OBJC_LITERAL_CONVERSION = YES;
				CLANG_WARN_OBJC_ROOT_CLASS = YES_ERROR;
				CLANG_WARN_QUOTED_INCLUDE_IN_FRAMEWORK_HEADER = YES;
				CLANG_WARN_RANGE_LOOP_ANALYSIS = YES;
				CLANG_WARN_STRICT_PROTOTYPES = YES;
				CLANG_WARN_SUSPICIOUS_MOVE = YES;
				CLANG_WARN_UNGUARDED_AVAILABILITY = YES_AGGRESSIVE;
				CLANG_WARN_UNREACHABLE_CODE = YES;
				CLANG_WARN__DUPLICATE_METHOD_MATCH = YES;
				COPY_PHASE_STRIP = NO;
				DEBUG_INFORMATION_FORMAT = "dwarf-with-dsym";
				ENABLE_NS_ASSERTIONS = NO;
				ENABLE_STRICT_OBJC_MSGSEND = YES;
				ENABLE_USER_SCRIPT_SANDBOXING = YES;
				GCC_C_LANGUAGE_STANDARD = gnu17;
				GCC_NO_COMMON_BLOCKS = YES;
				GCC_WARN_64_TO_32_BIT_CONVERSION = YES;
				GCC_WARN_ABOUT_RETURN_TYPE = YES_ERROR;
				GCC_WARN_UNDECLARED_SELECTOR = YES;
				GCC_WARN_UNINITIALIZED_AUTOS = YES_AGGRESSIVE;
				GCC_WARN_UNUSED_FUNCTION = YES;
				GCC_WARN_UNUSED_VARIABLE = YES;
				IPHONEOS_DEPLOYMENT_TARGET = 17.2;
				LOCALIZATION_PREFERS_STRING_CATALOGS = YES;
				MACOSX_DEPLOYMENT_TARGET = 14.0;
				MTL_ENABLE_DEBUG_INFO = NO;
				MTL_FAST_MATH = YES;
				SWIFT_COMPILATION_MODE = wholemodule;
			};
			name = Release;
		};
		A80EE45B2BB6AB3200546B95 /* Debug */ = {
			isa = XCBuildConfiguration;
			buildSettings = {
				ASSETCATALOG_COMPILER_APPICON_NAME = AppIcon;
				ASSETCATALOG_COMPILER_GLOBAL_ACCENT_COLOR_NAME = AccentColor;
				CODE_SIGN_ENTITLEMENTS = CustomCamera/CustomCamera.entitlements;
				CODE_SIGN_STYLE = Automatic;
				CURRENT_PROJECT_VERSION = 1;
				DEVELOPMENT_ASSET_PATHS = "\"CustomCamera/Preview Content\"";
				DEVELOPMENT_TEAM = AK7S865VNK;
				ENABLE_HARDENED_RUNTIME = YES;
				ENABLE_PREVIEWS = YES;
				GENERATE_INFOPLIST_FILE = YES;
				INFOPLIST_KEY_NSCameraUsageDescription = "촬영을 위해 권한 승인이 필요합니다.";
				INFOPLIST_KEY_NSPhotoLibraryUsageDescription = "촬영한 사진을 저장하기 위해 권한 승인이 필요합니다.";
				"INFOPLIST_KEY_UIApplicationSceneManifest_Generation[sdk=iphoneos*]" = YES;
				"INFOPLIST_KEY_UIApplicationSceneManifest_Generation[sdk=iphonesimulator*]" = YES;
				"INFOPLIST_KEY_UIApplicationSupportsIndirectInputEvents[sdk=iphoneos*]" = YES;
				"INFOPLIST_KEY_UIApplicationSupportsIndirectInputEvents[sdk=iphonesimulator*]" = YES;
				"INFOPLIST_KEY_UILaunchScreen_Generation[sdk=iphoneos*]" = YES;
				"INFOPLIST_KEY_UILaunchScreen_Generation[sdk=iphonesimulator*]" = YES;
				"INFOPLIST_KEY_UIStatusBarStyle[sdk=iphoneos*]" = UIStatusBarStyleDefault;
				"INFOPLIST_KEY_UIStatusBarStyle[sdk=iphonesimulator*]" = UIStatusBarStyleDefault;
				INFOPLIST_KEY_UISupportedInterfaceOrientations_iPad = "UIInterfaceOrientationPortrait UIInterfaceOrientationPortraitUpsideDown UIInterfaceOrientationLandscapeLeft UIInterfaceOrientationLandscapeRight";
				INFOPLIST_KEY_UISupportedInterfaceOrientations_iPhone = "UIInterfaceOrientationPortrait UIInterfaceOrientationLandscapeLeft UIInterfaceOrientationLandscapeRight";
				IPHONEOS_DEPLOYMENT_TARGET = 17.2;
				LD_RUNPATH_SEARCH_PATHS = "@executable_path/Frameworks";
				"LD_RUNPATH_SEARCH_PATHS[sdk=macosx*]" = "@executable_path/../Frameworks";
				MACOSX_DEPLOYMENT_TARGET = 14.2;
				MARKETING_VERSION = 1.0;
				PRODUCT_BUNDLE_IDENTIFIER = G2.CustomCamera;
				PRODUCT_NAME = "$(TARGET_NAME)";
				SDKROOT = auto;
				SUPPORTED_PLATFORMS = "iphoneos iphonesimulator macosx";
				SWIFT_EMIT_LOC_STRINGS = YES;
				SWIFT_VERSION = 5.0;
				TARGETED_DEVICE_FAMILY = "1,2";
			};
			name = Debug;
		};
		A80EE45C2BB6AB3200546B95 /* Release */ = {
			isa = XCBuildConfiguration;
			buildSettings = {
				ASSETCATALOG_COMPILER_APPICON_NAME = AppIcon;
				ASSETCATALOG_COMPILER_GLOBAL_ACCENT_COLOR_NAME = AccentColor;
				CODE_SIGN_ENTITLEMENTS = CustomCamera/CustomCamera.entitlements;
				CODE_SIGN_STYLE = Automatic;
				CURRENT_PROJECT_VERSION = 1;
				DEVELOPMENT_ASSET_PATHS = "\"CustomCamera/Preview Content\"";
				DEVELOPMENT_TEAM = AK7S865VNK;
				ENABLE_HARDENED_RUNTIME = YES;
				ENABLE_PREVIEWS = YES;
				GENERATE_INFOPLIST_FILE = YES;
				INFOPLIST_KEY_NSCameraUsageDescription = "촬영을 위해 권한 승인이 필요합니다.";
				INFOPLIST_KEY_NSPhotoLibraryUsageDescription = "촬영한 사진을 저장하기 위해 권한 승인이 필요합니다.";
				"INFOPLIST_KEY_UIApplicationSceneManifest_Generation[sdk=iphoneos*]" = YES;
				"INFOPLIST_KEY_UIApplicationSceneManifest_Generation[sdk=iphonesimulator*]" = YES;
				"INFOPLIST_KEY_UIApplicationSupportsIndirectInputEvents[sdk=iphoneos*]" = YES;
				"INFOPLIST_KEY_UIApplicationSupportsIndirectInputEvents[sdk=iphonesimulator*]" = YES;
				"INFOPLIST_KEY_UILaunchScreen_Generation[sdk=iphoneos*]" = YES;
				"INFOPLIST_KEY_UILaunchScreen_Generation[sdk=iphonesimulator*]" = YES;
				"INFOPLIST_KEY_UIStatusBarStyle[sdk=iphoneos*]" = UIStatusBarStyleDefault;
				"INFOPLIST_KEY_UIStatusBarStyle[sdk=iphonesimulator*]" = UIStatusBarStyleDefault;
				INFOPLIST_KEY_UISupportedInterfaceOrientations_iPad = "UIInterfaceOrientationPortrait UIInterfaceOrientationPortraitUpsideDown UIInterfaceOrientationLandscapeLeft UIInterfaceOrientationLandscapeRight";
				INFOPLIST_KEY_UISupportedInterfaceOrientations_iPhone = "UIInterfaceOrientationPortrait UIInterfaceOrientationLandscapeLeft UIInterfaceOrientationLandscapeRight";
				IPHONEOS_DEPLOYMENT_TARGET = 17.2;
				LD_RUNPATH_SEARCH_PATHS = "@executable_path/Frameworks";
				"LD_RUNPATH_SEARCH_PATHS[sdk=macosx*]" = "@executable_path/../Frameworks";
				MACOSX_DEPLOYMENT_TARGET = 14.2;
				MARKETING_VERSION = 1.0;
				PRODUCT_BUNDLE_IDENTIFIER = G2.CustomCamera;
				PRODUCT_NAME = "$(TARGET_NAME)";
				SDKROOT = auto;
				SUPPORTED_PLATFORMS = "iphoneos iphonesimulator macosx";
				SWIFT_EMIT_LOC_STRINGS = YES;
				SWIFT_VERSION = 5.0;
				TARGETED_DEVICE_FAMILY = "1,2";
			};
			name = Release;
		};
/* End XCBuildConfiguration section */

/* Begin XCConfigurationList section */
		A80EE4462BB6AB3000546B95 /* Build configuration list for PBXProject "CustomCamera" */ = {
			isa = XCConfigurationList;
			buildConfigurations = (
				A80EE4582BB6AB3200546B95 /* Debug */,
				A80EE4592BB6AB3200546B95 /* Release */,
			);
			defaultConfigurationIsVisible = 0;
			defaultConfigurationName = Release;
		};
		A80EE45A2BB6AB3200546B95 /* Build configuration list for PBXNativeTarget "CustomCamera" */ = {
			isa = XCConfigurationList;
			buildConfigurations = (
				A80EE45B2BB6AB3200546B95 /* Debug */,
				A80EE45C2BB6AB3200546B95 /* Release */,
			);
			defaultConfigurationIsVisible = 0;
			defaultConfigurationName = Release;
		};
/* End XCConfigurationList section */
	};
	rootObject = A80EE4432BB6AB3000546B95 /* Project object */;
}
